
Microsoft Visual Studio Solution File, Format Version 12.00
# Visual Studio Version 16
VisualStudioVersion = 16.0.29509.3
MinimumVisualStudioVersion = 10.0.40219.1
Project("{FAE04EC0-301F-11D3-BF4B-00C04F79EFBC}") = "Dentistry", "Dentistry\Dentistry.csproj", "{2DDAD372-B6DC-4E6D-9B04-1AD3293FF607}"
EndProject
Project("{FAE04EC0-301F-11D3-BF4B-00C04F79EFBC}") = "DAL", "DAL\DAL.csproj", "{1D627177-78B4-4AD7-837B-E539FD1932F7}"
EndProject
Global
	GlobalSection(SolutionConfigurationPlatforms) = preSolution
		Debug|Any CPU = Debug|Any CPU
		Release|Any CPU = Release|Any CPU
	EndGlobalSection
	GlobalSection(ProjectConfigurationPlatforms) = postSolution
		{2DDAD372-B6DC-4E6D-9B04-1AD3293FF607}.Debug|Any CPU.ActiveCfg = Debug|Any CPU
		{2DDAD372-B6DC-4E6D-9B04-1AD3293FF607}.Debug|Any CPU.Build.0 = Debug|Any CPU
		{2DDAD372-B6DC-4E6D-9B04-1AD3293FF607}.Release|Any CPU.ActiveCfg = Release|Any CPU
		{2DDAD372-B6DC-4E6D-9B04-1AD3293FF607}.Release|Any CPU.Build.0 = Release|Any CPU
		{1D627177-78B4-4AD7-837B-E539FD1932F7}.Debug|Any CPU.ActiveCfg = Debug|Any CPU
		{1D627177-78B4-4AD7-837B-E539FD1932F7}.Debug|Any CPU.Build.0 = Debug|Any CPU
		{1D627177-78B4-4AD7-837B-E539FD1932F7}.Release|Any CPU.ActiveCfg = Release|Any CPU
		{1D627177-78B4-4AD7-837B-E539FD1932F7}.Release|Any CPU.Build.0 = Release|Any CPU
	EndGlobalSection
	GlobalSection(SolutionProperties) = preSolution
		HideSolutionNode = FALSE
	EndGlobalSection
	GlobalSection(ExtensibilityGlobals) = postSolution
		SolutionGuid = {E0A77525-D6A6-46A3-A73F-10B6BFC57E90}
	EndGlobalSection
EndGlobal
